
Microsoft Visual Studio Solution File, Format Version 12.00
# Visual Studio 14
VisualStudioVersion = 14.0.25420.1
MinimumVisualStudioVersion = 10.0.40219.1
Project("{2150E333-8FDC-42A3-9474-1A3956D46DE8}") = "Libraries", "Libraries", "{DF2917C7-2212-408F-A3BF-375A4C15B687}"
EndProject
Project("{2150E333-8FDC-42A3-9474-1A3956D46DE8}") = "Plugins", "Plugins", "{28DA5B73-7977-4979-BD96-D577F5A46AAB}"
EndProject
Project("{2150E333-8FDC-42A3-9474-1A3956D46DE8}") = "Presentation", "Presentation", "{507DFE87-A48F-4E83-B223-79EF047B71D2}"
EndProject
Project("{2150E333-8FDC-42A3-9474-1A3956D46DE8}") = "Tests", "Tests", "{436055D1-4E0F-41D8-BD25-DC530C1E56D7}"
EndProject
Project("{FAE04EC0-301F-11D3-BF4B-00C04F79EFBC}") = "Framework.Core", "Framework.Core\Framework.Core.csproj", "{7E298F2F-BE4E-4AD3-8C65-DBE13236857B}"
EndProject
Project("{FAE04EC0-301F-11D3-BF4B-00C04F79EFBC}") = "Framework.Data", "Framework.Data\Framework.Data.csproj", "{7697F6B0-37BA-4CF3-8B6E-E503F779D441}"
EndProject
Project("{FAE04EC0-301F-11D3-BF4B-00C04F79EFBC}") = "Framework.Services", "Framework.Services\Framework.Services.csproj", "{999BE3D1-6AD6-42AA-B99B-6E4988A793EB}"
EndProject
Project("{FAE04EC0-301F-11D3-BF4B-00C04F79EFBC}") = "Framework.Web.Framework", "Framework.Web.Framework\Framework.Web.Framework.csproj", "{58EE90F6-4308-4339-BC5D-6DDCBB5AF0ED}"
EndProject
Project("{FAE04EC0-301F-11D3-BF4B-00C04F79EFBC}") = "Framework.Web", "Framework.Web\Framework.Web.csproj", "{8013E8D5-2FC2-4C62-A1A8-7D7306873C0D}"
EndProject
Project("{FAE04EC0-301F-11D3-BF4B-00C04F79EFBC}") = "Framework.Admin", "Framework.Admin\Framework.Admin.csproj", "{4BA01BB3-C851-4B2D-AD8D-3881A87DEDE7}"
EndProject
Project("{FAE04EC0-301F-11D3-BF4B-00C04F79EFBC}") = "Framework.Gateway", "Framework.Gateway\Framework.Gateway.csproj", "{5787FA76-E05B-4788-B6B0-92D9CA9D86D5}"
EndProject
Project("{FAE04EC0-301F-11D3-BF4B-00C04F79EFBC}") = "Framework.Core.Tests", "Framework.Core.Tests\Framework.Core.Tests.csproj", "{1DECBB1F-B516-43BD-8A06-FDBF3FE4DBC2}"
EndProject
Project("{FAE04EC0-301F-11D3-BF4B-00C04F79EFBC}") = "Framework.AutoCode", "Framework.AutoCode\Framework.AutoCode.csproj", "{1B4B6C6B-6384-4248-B432-B76B43970F28}"
EndProject
Global
	GlobalSection(SolutionConfigurationPlatforms) = preSolution
		Debug|Any CPU = Debug|Any CPU
		Release|Any CPU = Release|Any CPU
	EndGlobalSection
	GlobalSection(ProjectConfigurationPlatforms) = postSolution
		{7E298F2F-BE4E-4AD3-8C65-DBE13236857B}.Debug|Any CPU.ActiveCfg = Debug|Any CPU
		{7E298F2F-BE4E-4AD3-8C65-DBE13236857B}.Debug|Any CPU.Build.0 = Debug|Any CPU
		{7E298F2F-BE4E-4AD3-8C65-DBE13236857B}.Release|Any CPU.ActiveCfg = Release|Any CPU
		{7E298F2F-BE4E-4AD3-8C65-DBE13236857B}.Release|Any CPU.Build.0 = Release|Any CPU
		{7697F6B0-37BA-4CF3-8B6E-E503F779D441}.Debug|Any CPU.ActiveCfg = Debug|Any CPU
		{7697F6B0-37BA-4CF3-8B6E-E503F779D441}.Debug|Any CPU.Build.0 = Debug|Any CPU
		{7697F6B0-37BA-4CF3-8B6E-E503F779D441}.Release|Any CPU.ActiveCfg = Release|Any CPU
		{7697F6B0-37BA-4CF3-8B6E-E503F779D441}.Release|Any CPU.Build.0 = Release|Any CPU
		{999BE3D1-6AD6-42AA-B99B-6E4988A793EB}.Debug|Any CPU.ActiveCfg = Debug|Any CPU
		{999BE3D1-6AD6-42AA-B99B-6E4988A793EB}.Debug|Any CPU.Build.0 = Debug|Any CPU
		{999BE3D1-6AD6-42AA-B99B-6E4988A793EB}.Release|Any CPU.ActiveCfg = Release|Any CPU
		{999BE3D1-6AD6-42AA-B99B-6E4988A793EB}.Release|Any CPU.Build.0 = Release|Any CPU
		{58EE90F6-4308-4339-BC5D-6DDCBB5AF0ED}.Debug|Any CPU.ActiveCfg = Debug|Any CPU
		{58EE90F6-4308-4339-BC5D-6DDCBB5AF0ED}.Debug|Any CPU.Build.0 = Debug|Any CPU
		{58EE90F6-4308-4339-BC5D-6DDCBB5AF0ED}.Release|Any CPU.ActiveCfg = Release|Any CPU
		{58EE90F6-4308-4339-BC5D-6DDCBB5AF0ED}.Release|Any CPU.Build.0 = Release|Any CPU
		{8013E8D5-2FC2-4C62-A1A8-7D7306873C0D}.Debug|Any CPU.ActiveCfg = Debug|Any CPU
		{8013E8D5-2FC2-4C62-A1A8-7D7306873C0D}.Debug|Any CPU.Build.0 = Debug|Any CPU
		{8013E8D5-2FC2-4C62-A1A8-7D7306873C0D}.Release|Any CPU.ActiveCfg = Release|Any CPU
		{8013E8D5-2FC2-4C62-A1A8-7D7306873C0D}.Release|Any CPU.Build.0 = Release|Any CPU
		{4BA01BB3-C851-4B2D-AD8D-3881A87DEDE7}.Debug|Any CPU.ActiveCfg = Debug|Any CPU
		{4BA01BB3-C851-4B2D-AD8D-3881A87DEDE7}.Debug|Any CPU.Build.0 = Debug|Any CPU
		{4BA01BB3-C851-4B2D-AD8D-3881A87DEDE7}.Release|Any CPU.ActiveCfg = Release|Any CPU
		{4BA01BB3-C851-4B2D-AD8D-3881A87DEDE7}.Release|Any CPU.Build.0 = Release|Any CPU
		{5787FA76-E05B-4788-B6B0-92D9CA9D86D5}.Debug|Any CPU.ActiveCfg = Debug|Any CPU
		{5787FA76-E05B-4788-B6B0-92D9CA9D86D5}.Debug|Any CPU.Build.0 = Debug|Any CPU
		{5787FA76-E05B-4788-B6B0-92D9CA9D86D5}.Release|Any CPU.ActiveCfg = Release|Any CPU
		{5787FA76-E05B-4788-B6B0-92D9CA9D86D5}.Release|Any CPU.Build.0 = Release|Any CPU
		{1DECBB1F-B516-43BD-8A06-FDBF3FE4DBC2}.Debug|Any CPU.ActiveCfg = Debug|Any CPU
		{1DECBB1F-B516-43BD-8A06-FDBF3FE4DBC2}.Debug|Any CPU.Build.0 = Debug|Any CPU
		{1DECBB1F-B516-43BD-8A06-FDBF3FE4DBC2}.Release|Any CPU.ActiveCfg = Release|Any CPU
		{1DECBB1F-B516-43BD-8A06-FDBF3FE4DBC2}.Release|Any CPU.Build.0 = Release|Any CPU
		{1B4B6C6B-6384-4248-B432-B76B43970F28}.Debug|Any CPU.ActiveCfg = Debug|Any CPU
		{1B4B6C6B-6384-4248-B432-B76B43970F28}.Debug|Any CPU.Build.0 = Debug|Any CPU
		{1B4B6C6B-6384-4248-B432-B76B43970F28}.Release|Any CPU.ActiveCfg = Release|Any CPU
		{1B4B6C6B-6384-4248-B432-B76B43970F28}.Release|Any CPU.Build.0 = Release|Any CPU
	EndGlobalSection
	GlobalSection(SolutionProperties) = preSolution
		HideSolutionNode = FALSE
	EndGlobalSection
	GlobalSection(NestedProjects) = preSolution
		{7E298F2F-BE4E-4AD3-8C65-DBE13236857B} = {DF2917C7-2212-408F-A3BF-375A4C15B687}
		{7697F6B0-37BA-4CF3-8B6E-E503F779D441} = {DF2917C7-2212-408F-A3BF-375A4C15B687}
		{999BE3D1-6AD6-42AA-B99B-6E4988A793EB} = {DF2917C7-2212-408F-A3BF-375A4C15B687}
		{58EE90F6-4308-4339-BC5D-6DDCBB5AF0ED} = {507DFE87-A48F-4E83-B223-79EF047B71D2}
		{8013E8D5-2FC2-4C62-A1A8-7D7306873C0D} = {507DFE87-A48F-4E83-B223-79EF047B71D2}
		{4BA01BB3-C851-4B2D-AD8D-3881A87DEDE7} = {507DFE87-A48F-4E83-B223-79EF047B71D2}
		{5787FA76-E05B-4788-B6B0-92D9CA9D86D5} = {28DA5B73-7977-4979-BD96-D577F5A46AAB}
		{1DECBB1F-B516-43BD-8A06-FDBF3FE4DBC2} = {436055D1-4E0F-41D8-BD25-DC530C1E56D7}
		{1B4B6C6B-6384-4248-B432-B76B43970F28} = {DF2917C7-2212-408F-A3BF-375A4C15B687}
	EndGlobalSection
EndGlobal
